
Microsoft Visual Studio Solution File, Format Version 12.00
# Visual Studio Version 17
VisualStudioVersion = 17.9.34728.123
MinimumVisualStudioVersion = 10.0.40219.1
Project("{FAE04EC0-301F-11D3-BF4B-00C04F79EFBC}") = "Secret", "Secret\Secret.csproj", "{7BA952D5-B698-4888-A0F9-B12D0E943486}"
EndProject
Project("{2150E333-8FDC-42A3-9474-1A3956D46DE8}") = "01 - Domain", "01 - Domain", "{2D10A56D-E81A-4645-B7C3-E2E18A7589B1}"
EndProject
Project("{2150E333-8FDC-42A3-9474-1A3956D46DE8}") = "02 - Data", "02 - Data", "{1468A8F4-25C3-45A9-8B98-FD3B09C3F0E5}"
EndProject
Project("{2150E333-8FDC-42A3-9474-1A3956D46DE8}") = "03 - Application", "03 - Application", "{76F3DCB4-19C4-48F0-85F0-E11A5B58E09B}"
EndProject
Project("{2150E333-8FDC-42A3-9474-1A3956D46DE8}") = "04 - API", "04 - API", "{DB0D0CB9-5FB5-40EF-88BD-F002068F2D24}"
EndProject
Project("{FAE04EC0-301F-11D3-BF4B-00C04F79EFBC}") = "Domain", "Domain\Domain.csproj", "{061DC978-36BC-44B1-B611-3CEE4D863B4E}"
EndProject
Project("{FAE04EC0-301F-11D3-BF4B-00C04F79EFBC}") = "Data", "Data\Data.csproj", "{E0B3AE09-0D94-4562-AA8F-57DC1E7A2876}"
EndProject
Project("{FAE04EC0-301F-11D3-BF4B-00C04F79EFBC}") = "Application", "Application\Application.csproj", "{31FF50EC-30E9-4FCD-86CE-CF502C5B5D75}"
EndProject
Global
	GlobalSection(SolutionConfigurationPlatforms) = preSolution
		Debug|Any CPU = Debug|Any CPU
		Release|Any CPU = Release|Any CPU
	EndGlobalSection
	GlobalSection(ProjectConfigurationPlatforms) = postSolution
		{7BA952D5-B698-4888-A0F9-B12D0E943486}.Debug|Any CPU.ActiveCfg = Debug|Any CPU
		{7BA952D5-B698-4888-A0F9-B12D0E943486}.Debug|Any CPU.Build.0 = Debug|Any CPU
		{7BA952D5-B698-4888-A0F9-B12D0E943486}.Release|Any CPU.ActiveCfg = Release|Any CPU
		{7BA952D5-B698-4888-A0F9-B12D0E943486}.Release|Any CPU.Build.0 = Release|Any CPU
		{061DC978-36BC-44B1-B611-3CEE4D863B4E}.Debug|Any CPU.ActiveCfg = Debug|Any CPU
		{061DC978-36BC-44B1-B611-3CEE4D863B4E}.Debug|Any CPU.Build.0 = Debug|Any CPU
		{061DC978-36BC-44B1-B611-3CEE4D863B4E}.Release|Any CPU.ActiveCfg = Release|Any CPU
		{061DC978-36BC-44B1-B611-3CEE4D863B4E}.Release|Any CPU.Build.0 = Release|Any CPU
		{E0B3AE09-0D94-4562-AA8F-57DC1E7A2876}.Debug|Any CPU.ActiveCfg = Debug|Any CPU
		{E0B3AE09-0D94-4562-AA8F-57DC1E7A2876}.Debug|Any CPU.Build.0 = Debug|Any CPU
		{E0B3AE09-0D94-4562-AA8F-57DC1E7A2876}.Release|Any CPU.ActiveCfg = Release|Any CPU
		{E0B3AE09-0D94-4562-AA8F-57DC1E7A2876}.Release|Any CPU.Build.0 = Release|Any CPU
		{31FF50EC-30E9-4FCD-86CE-CF502C5B5D75}.Debug|Any CPU.ActiveCfg = Debug|Any CPU
		{31FF50EC-30E9-4FCD-86CE-CF502C5B5D75}.Debug|Any CPU.Build.0 = Debug|Any CPU
		{31FF50EC-30E9-4FCD-86CE-CF502C5B5D75}.Release|Any CPU.ActiveCfg = Release|Any CPU
		{31FF50EC-30E9-4FCD-86CE-CF502C5B5D75}.Release|Any CPU.Build.0 = Release|Any CPU
	EndGlobalSection
	GlobalSection(SolutionProperties) = preSolution
		HideSolutionNode = FALSE
	EndGlobalSection
	GlobalSection(NestedProjects) = preSolution
		{7BA952D5-B698-4888-A0F9-B12D0E943486} = {DB0D0CB9-5FB5-40EF-88BD-F002068F2D24}
		{061DC978-36BC-44B1-B611-3CEE4D863B4E} = {2D10A56D-E81A-4645-B7C3-E2E18A7589B1}
		{E0B3AE09-0D94-4562-AA8F-57DC1E7A2876} = {1468A8F4-25C3-45A9-8B98-FD3B09C3F0E5}
		{31FF50EC-30E9-4FCD-86CE-CF502C5B5D75} = {76F3DCB4-19C4-48F0-85F0-E11A5B58E09B}
	EndGlobalSection
	GlobalSection(ExtensibilityGlobals) = postSolution
		SolutionGuid = {7EA54952-C415-4A50-B228-BBCBCE9694F7}
	EndGlobalSection
EndGlobal
